
Microsoft Visual Studio Solution File, Format Version 12.00
# Visual Studio Version 17
VisualStudioVersion = 17.0.31903.59
MinimumVisualStudioVersion = 10.0.40219.1
Project("{2150E333-8FDC-42A3-9474-1A3956D46DE8}") = "src", "src", "{DAAE01D9-7BB1-4065-8232-11ED578E65B7}"
EndProject
Project("{FAE04EC0-301F-11D3-BF4B-00C04F79EFBC}") = "Play.Common.Service", "src\Play.Common.Service\Play.Common.Service.csproj", "{3B222663-759E-4A65-B45C-260AB3FC4897}"
EndProject
Global
	GlobalSection(SolutionConfigurationPlatforms) = preSolution
		Debug|Any CPU = Debug|Any CPU
		Release|Any CPU = Release|Any CPU
	EndGlobalSection
	GlobalSection(SolutionProperties) = preSolution
		HideSolutionNode = FALSE
	EndGlobalSection
	GlobalSection(ProjectConfigurationPlatforms) = postSolution
		{3B222663-759E-4A65-B45C-260AB3FC4897}.Debug|Any CPU.ActiveCfg = Debug|Any CPU
		{3B222663-759E-4A65-B45C-260AB3FC4897}.Debug|Any CPU.Build.0 = Debug|Any CPU
		{3B222663-759E-4A65-B45C-260AB3FC4897}.Release|Any CPU.ActiveCfg = Release|Any CPU
		{3B222663-759E-4A65-B45C-260AB3FC4897}.Release|Any CPU.Build.0 = Release|Any CPU
	EndGlobalSection
	GlobalSection(NestedProjects) = preSolution
		{3B222663-759E-4A65-B45C-260AB3FC4897} = {DAAE01D9-7BB1-4065-8232-11ED578E65B7}
	EndGlobalSection
EndGlobal
